
Microsoft Visual Studio Solution File, Format Version 12.00
# Visual Studio Version 16
VisualStudioVersion = 16.0.30717.126
MinimumVisualStudioVersion = 10.0.40219.1
Project("{FAE04EC0-301F-11D3-BF4B-00C04F79EFBC}") = "evi check", "evi check\evi check.csproj", "{7C75DBFF-337C-4022-9266-5752542D895A}"
EndProject
Global
	GlobalSection(SolutionConfigurationPlatforms) = preSolution
		Debug|Any CPU = Debug|Any CPU
		Release|Any CPU = Release|Any CPU
	EndGlobalSection
	GlobalSection(ProjectConfigurationPlatforms) = postSolution
		{7C75DBFF-337C-4022-9266-5752542D895A}.Debug|Any CPU.ActiveCfg = Debug|Any CPU
		{7C75DBFF-337C-4022-9266-5752542D895A}.Debug|Any CPU.Build.0 = Debug|Any CPU
		{7C75DBFF-337C-4022-9266-5752542D895A}.Release|Any CPU.ActiveCfg = Debug|Any CPU
		{7C75DBFF-337C-4022-9266-5752542D895A}.Release|Any CPU.Build.0 = Debug|Any CPU
	EndGlobalSection
	GlobalSection(SolutionProperties) = preSolution
		HideSolutionNode = FALSE
	EndGlobalSection
	GlobalSection(ExtensibilityGlobals) = postSolution
		SolutionGuid = {19646BCF-B3DE-4941-ABA1-854B1753C3EE}
	EndGlobalSection
EndGlobal
